{
    "_readme": [
        "This file locks the dependencies of your project to a known state",
        "Read more about it at https://getcomposer.org/doc/01-basic-usage.md#installing-dependencies",
        "This file is @generated automatically"
    ],
    "content-hash": "22f20d9af6a921b1224f0fb276d9dbd9",
    "packages": [
        {
            "name": "ndlano/h5p-caretaker",
            "version": "1.0.9",
            "source": {
                "type": "git",
                "url": "https://github.com/NDLANO/h5p-caretaker.git",
                "reference": "a0baf5da436546950aa5d90edcd40123306c3567"
            },
            "dist": {
                "type": "zip",
                "url": "https://api.github.com/repos/NDLANO/h5p-caretaker/zipball/a0baf5da436546950aa5d90edcd40123306c3567",
                "reference": "a0baf5da436546950aa5d90edcd40123306c3567",
                "shasum": ""
            },
            "require": {
                "php": ">=8"
            },
            "type": "library",
            "autoload": {
                "psr-4": {
                    "Ndlano\\H5PCaretaker\\": "app/"
                }
            },
            "notification-url": "https://packagist.org/downloads/",
            "license": [
                "MIT"
            ],
            "authors": [
                {
                    "name": "NDLA",
                    "email": "explore@ndla.no",
                    "homepage": "https://ndla.no",
                    "role": "Producer"
                },
                {
                    "name": "Oliver Tacke",
                    "email": "oliver@snordian.de",
                    "homepage": "https://snordian.de",
                    "role": "Developer"
                }
            ],
            "description": "Library that is supposed to help people take care of H5P content types",
            "support": {
                "issues": "https://github.com/NDLANO/h5p-caretaker/issues",
                "source": "https://github.com/NDLANO/h5p-caretaker/tree/1.0.9"
            },
            "time": "2025-04-21T11:23:58+00:00"
        }
    ],
    "packages-dev": [],
    "aliases": [],
    "minimum-stability": "stable",
    "stability-flags": [],
    "prefer-stable": false,
    "prefer-lowest": false,
    "platform": {
        "php": ">=8"
    },
    "platform-dev": [],
    "plugin-api-version": "2.3.0"
}
