{
  "name": "moodle_local_h5pcaretaker",
  "version": "1.0.0",
  "lockfileVersion": 3,
  "requires": true,
  "packages": {
    "": {
      "name": "moodle_local_h5pcaretaker",
      "version": "1.0.0",
      "license": "MIT",
      "dependencies": {
        "h5p-caretaker-client": "git@github.com:ndlano/h5p-caretaker-client"
      }
    },
    "node_modules/h5p-caretaker-client": {
      "version": "1.0.9",
      "resolved": "git+ssh://git@github.com/ndlano/h5p-caretaker-client.git#6584d428eb49ca9a961de4ad2fc7fccd35f68095",
      "license": "MIT"
    }
  }
}
